<?xml version="1.0" encoding="utf-8"?>
<Project ToolsVersion="4.0" xmlns="http://schemas.microsoft.com/developer/msbuild/2003">
  <ItemGroup>
    <Filter Include="Source Files">
      <UniqueIdentifier>{4FC737F1-C7A5-4376-A066-2A32D752A2FF}</UniqueIdentifier>
      <Extensions>cpp;c;cc;cxx;c++;cppm;ixx;def;odl;idl;hpj;bat;asm;asmx</Extensions>
    </Filter>
    <Filter Include="Header Files">
      <UniqueIdentifier>{93995380-89BD-4b04-88EB-625FBE52EBFB}</UniqueIdentifier>
      <Extensions>h;hh;hpp;hxx;h++;hm;inl;inc;ipp;xsd</Extensions>
    </Filter>
    <Filter Include="Resource Files">
      <UniqueIdentifier>{67DA6AB6-F800-4c08-8B7A-83BB121AAD01}</UniqueIdentifier>
      <Extensions>rc;ico;cur;bmp;dlg;rc2;rct;bin;rgs;gif;jpg;jpeg;jpe;resx;tiff;tif;png;wav;mfcribbon-ms</Extensions>
    </Filter>
    <Filter Include="src">
      <UniqueIdentifier>{74400037-ab57-476f-98a1-38bc0b3d4eb4}</UniqueIdentifier>
    </Filter>
    <Filter Include="main">
      <UniqueIdentifier>{5c5953a3-a84c-40e9-9f82-4a4fb16ddd3c}</UniqueIdentifier>
    </Filter>
    <Filter Include="main\cpp">
      <UniqueIdentifier>{b017450d-b1bd-4558-97a1-3fb7a3f51391}</UniqueIdentifier>
    </Filter>
  </ItemGroup>
  <ItemGroup>
    <ClCompile Include="PrintJobInterceptorNative.cpp">
      <Filter>Source Files</Filter>
    </ClCompile>
    <ClCompile Include="..\..\02102024\src\main\cpp\PrintInterceptorNative.cpp">
      <Filter>main\cpp</Filter>
    </ClCompile>
  </ItemGroup>
  <ItemGroup>
    <ClInclude Include="..\..\02102024\src\main\java\cpp\com_example_PrintInterceptor.h">
      <Filter>main\cpp</Filter>
    </ClInclude>
  </ItemGroup>
</Project>